
Microsoft Visual Studio Solution File, Format Version 12.00
# Visual Studio 2013
VisualStudioVersion = 12.0.21005.1
MinimumVisualStudioVersion = 10.0.40219.1
Project("{FAE04EC0-301F-11D3-BF4B-00C04F79EFBC}") = "ExtensionTest", "ExtensionTest.csproj", "{7B70BE18-0183-4E92-971F-91C64F9D4971}"
EndProject
Project("{FAE04EC0-301F-11D3-BF4B-00C04F79EFBC}") = "MemcachedTest", "..\MemcachedTest\MemcachedTest.csproj", "{01DB9164-7976-4609-BE0E-5081EE0286FA}"
EndProject
Project("{FAE04EC0-301F-11D3-BF4B-00C04F79EFBC}") = "MemcacheWebTest2", "MemcacheWebTest2\MemcacheWebTest2.csproj", "{06BE0A0E-ABDC-46DA-BB65-7E13D0BD68CA}"
EndProject
Project("{FAE04EC0-301F-11D3-BF4B-00C04F79EFBC}") = "AnonymousDelegate", "..\AnonymousDelegate\AnonymousDelegate.csproj", "{433AFD5A-EEF6-4681-827B-4904045840CD}"
EndProject
Project("{FAE04EC0-301F-11D3-BF4B-00C04F79EFBC}") = "AnonymousDelegateLambda", "AnonymousDelegateLambda\AnonymousDelegateLambda.csproj", "{5E6F15F3-7693-481F-9EE4-7B370B34ABD1}"
EndProject
Global
	GlobalSection(SolutionConfigurationPlatforms) = preSolution
		Debug|Any CPU = Debug|Any CPU
		Release|Any CPU = Release|Any CPU
	EndGlobalSection
	GlobalSection(ProjectConfigurationPlatforms) = postSolution
		{7B70BE18-0183-4E92-971F-91C64F9D4971}.Debug|Any CPU.ActiveCfg = Debug|Any CPU
		{7B70BE18-0183-4E92-971F-91C64F9D4971}.Debug|Any CPU.Build.0 = Debug|Any CPU
		{7B70BE18-0183-4E92-971F-91C64F9D4971}.Release|Any CPU.ActiveCfg = Release|Any CPU
		{7B70BE18-0183-4E92-971F-91C64F9D4971}.Release|Any CPU.Build.0 = Release|Any CPU
		{01DB9164-7976-4609-BE0E-5081EE0286FA}.Debug|Any CPU.ActiveCfg = Debug|Any CPU
		{01DB9164-7976-4609-BE0E-5081EE0286FA}.Debug|Any CPU.Build.0 = Debug|Any CPU
		{01DB9164-7976-4609-BE0E-5081EE0286FA}.Release|Any CPU.ActiveCfg = Release|Any CPU
		{01DB9164-7976-4609-BE0E-5081EE0286FA}.Release|Any CPU.Build.0 = Release|Any CPU
		{06BE0A0E-ABDC-46DA-BB65-7E13D0BD68CA}.Debug|Any CPU.ActiveCfg = Debug|Any CPU
		{06BE0A0E-ABDC-46DA-BB65-7E13D0BD68CA}.Debug|Any CPU.Build.0 = Debug|Any CPU
		{06BE0A0E-ABDC-46DA-BB65-7E13D0BD68CA}.Release|Any CPU.ActiveCfg = Release|Any CPU
		{06BE0A0E-ABDC-46DA-BB65-7E13D0BD68CA}.Release|Any CPU.Build.0 = Release|Any CPU
		{433AFD5A-EEF6-4681-827B-4904045840CD}.Debug|Any CPU.ActiveCfg = Debug|Any CPU
		{433AFD5A-EEF6-4681-827B-4904045840CD}.Debug|Any CPU.Build.0 = Debug|Any CPU
		{433AFD5A-EEF6-4681-827B-4904045840CD}.Release|Any CPU.ActiveCfg = Release|Any CPU
		{433AFD5A-EEF6-4681-827B-4904045840CD}.Release|Any CPU.Build.0 = Release|Any CPU
		{5E6F15F3-7693-481F-9EE4-7B370B34ABD1}.Debug|Any CPU.ActiveCfg = Debug|Any CPU
		{5E6F15F3-7693-481F-9EE4-7B370B34ABD1}.Debug|Any CPU.Build.0 = Debug|Any CPU
		{5E6F15F3-7693-481F-9EE4-7B370B34ABD1}.Release|Any CPU.ActiveCfg = Release|Any CPU
		{5E6F15F3-7693-481F-9EE4-7B370B34ABD1}.Release|Any CPU.Build.0 = Release|Any CPU
	EndGlobalSection
	GlobalSection(SolutionProperties) = preSolution
		HideSolutionNode = FALSE
	EndGlobalSection
EndGlobal
